version: 2.0
shards:
  backtracer:
    git: https://github.com/sija/backtracer.cr.git
    version: 1.2.1

  crest:
    git: https://github.com/mamantoha/crest.git
    version: 1.0.1

  exception_page:
    git: https://github.com/crystal-loot/exception_page.git
    version: 0.2.1

  http-client-digest_auth:
    git: https://github.com/mamantoha/http-client-digest_auth.git
    version: 0.6.0

  http_proxy:
    git: https://github.com/mamantoha/http_proxy.git
    version: 0.8.0

  kemal:
    git: https://github.com/kemalcr/kemal.git
    version: 1.1.0

  kilt:
    git: https://github.com/jeromegn/kilt.git
    version: 0.6.1

  markd:
    git: https://github.com/icyleaf/markd.git
    version: 0.4.2

  radix:
    git: https://github.com/luislavena/radix.git
    version: 0.4.1

  tallboy:
    git: https://github.com/epoch/tallboy.git
    version: 0.9.3

  timeout:
    git: https://github.com/hugoabonizio/timeout.cr.git
    version: 0.1.0+git.commit.08d9d37cb107f462d9f58058cc81c28cef29838b

